
Microsoft Visual Studio Solution File, Format Version 12.00
# Visual Studio Version 16
VisualStudioVersion = 16.0.29123.88
MinimumVisualStudioVersion = 10.0.40219.1
Project("{FAE04EC0-301F-11D3-BF4B-00C04F79EFBC}") = "FutbolApp.Android", "FutbolApp\FutbolApp.Android\FutbolApp.Android.csproj", "{A8BB423C-F3C8-47A6-AF23-E3810D40B6C6}"
EndProject
Project("{FAE04EC0-301F-11D3-BF4B-00C04F79EFBC}") = "FutbolApp.iOS", "FutbolApp\FutbolApp.iOS\FutbolApp.iOS.csproj", "{1EB3C49F-39BE-4421-B3CE-97412B4131C6}"
EndProject
Project("{FAE04EC0-301F-11D3-BF4B-00C04F79EFBC}") = "FutbolApp", "FutbolApp\FutbolApp\FutbolApp.csproj", "{EE9426FA-A4F2-4824-897E-322809A9FCB1}"
EndProject
Global
	GlobalSection(SolutionConfigurationPlatforms) = preSolution
		Debug|Any CPU = Debug|Any CPU
		Debug|iPhone = Debug|iPhone
		Debug|iPhoneSimulator = Debug|iPhoneSimulator
		Release|Any CPU = Release|Any CPU
		Release|iPhone = Release|iPhone
		Release|iPhoneSimulator = Release|iPhoneSimulator
	EndGlobalSection
	GlobalSection(ProjectConfigurationPlatforms) = postSolution
		{A8BB423C-F3C8-47A6-AF23-E3810D40B6C6}.Debug|Any CPU.ActiveCfg = Debug|Any CPU
		{A8BB423C-F3C8-47A6-AF23-E3810D40B6C6}.Debug|Any CPU.Build.0 = Debug|Any CPU
		{A8BB423C-F3C8-47A6-AF23-E3810D40B6C6}.Debug|Any CPU.Deploy.0 = Debug|Any CPU
		{A8BB423C-F3C8-47A6-AF23-E3810D40B6C6}.Debug|iPhone.ActiveCfg = Debug|Any CPU
		{A8BB423C-F3C8-47A6-AF23-E3810D40B6C6}.Debug|iPhone.Build.0 = Debug|Any CPU
		{A8BB423C-F3C8-47A6-AF23-E3810D40B6C6}.Debug|iPhone.Deploy.0 = Debug|Any CPU
		{A8BB423C-F3C8-47A6-AF23-E3810D40B6C6}.Debug|iPhoneSimulator.ActiveCfg = Debug|Any CPU
		{A8BB423C-F3C8-47A6-AF23-E3810D40B6C6}.Debug|iPhoneSimulator.Build.0 = Debug|Any CPU
		{A8BB423C-F3C8-47A6-AF23-E3810D40B6C6}.Debug|iPhoneSimulator.Deploy.0 = Debug|Any CPU
		{A8BB423C-F3C8-47A6-AF23-E3810D40B6C6}.Release|Any CPU.ActiveCfg = Release|Any CPU
		{A8BB423C-F3C8-47A6-AF23-E3810D40B6C6}.Release|Any CPU.Build.0 = Release|Any CPU
		{A8BB423C-F3C8-47A6-AF23-E3810D40B6C6}.Release|Any CPU.Deploy.0 = Release|Any CPU
		{A8BB423C-F3C8-47A6-AF23-E3810D40B6C6}.Release|iPhone.ActiveCfg = Release|Any CPU
		{A8BB423C-F3C8-47A6-AF23-E3810D40B6C6}.Release|iPhone.Build.0 = Release|Any CPU
		{A8BB423C-F3C8-47A6-AF23-E3810D40B6C6}.Release|iPhone.Deploy.0 = Release|Any CPU
		{A8BB423C-F3C8-47A6-AF23-E3810D40B6C6}.Release|iPhoneSimulator.ActiveCfg = Release|Any CPU
		{A8BB423C-F3C8-47A6-AF23-E3810D40B6C6}.Release|iPhoneSimulator.Build.0 = Release|Any CPU
		{A8BB423C-F3C8-47A6-AF23-E3810D40B6C6}.Release|iPhoneSimulator.Deploy.0 = Release|Any CPU
		{1EB3C49F-39BE-4421-B3CE-97412B4131C6}.Debug|Any CPU.ActiveCfg = Debug|iPhoneSimulator
		{1EB3C49F-39BE-4421-B3CE-97412B4131C6}.Debug|Any CPU.Build.0 = Debug|iPhoneSimulator
		{1EB3C49F-39BE-4421-B3CE-97412B4131C6}.Debug|Any CPU.Deploy.0 = Debug|iPhoneSimulator
		{1EB3C49F-39BE-4421-B3CE-97412B4131C6}.Debug|iPhone.ActiveCfg = Debug|iPhone
		{1EB3C49F-39BE-4421-B3CE-97412B4131C6}.Debug|iPhone.Build.0 = Debug|iPhone
		{1EB3C49F-39BE-4421-B3CE-97412B4131C6}.Debug|iPhone.Deploy.0 = Debug|iPhone
		{1EB3C49F-39BE-4421-B3CE-97412B4131C6}.Debug|iPhoneSimulator.ActiveCfg = Debug|iPhoneSimulator
		{1EB3C49F-39BE-4421-B3CE-97412B4131C6}.Debug|iPhoneSimulator.Build.0 = Debug|iPhoneSimulator
		{1EB3C49F-39BE-4421-B3CE-97412B4131C6}.Debug|iPhoneSimulator.Deploy.0 = Debug|iPhoneSimulator
		{1EB3C49F-39BE-4421-B3CE-97412B4131C6}.Release|Any CPU.ActiveCfg = Release|iPhone
		{1EB3C49F-39BE-4421-B3CE-97412B4131C6}.Release|Any CPU.Build.0 = Release|iPhone
		{1EB3C49F-39BE-4421-B3CE-97412B4131C6}.Release|Any CPU.Deploy.0 = Release|iPhone
		{1EB3C49F-39BE-4421-B3CE-97412B4131C6}.Release|iPhone.ActiveCfg = Release|iPhone
		{1EB3C49F-39BE-4421-B3CE-97412B4131C6}.Release|iPhone.Build.0 = Release|iPhone
		{1EB3C49F-39BE-4421-B3CE-97412B4131C6}.Release|iPhone.Deploy.0 = Release|iPhone
		{1EB3C49F-39BE-4421-B3CE-97412B4131C6}.Release|iPhoneSimulator.ActiveCfg = Release|iPhoneSimulator
		{1EB3C49F-39BE-4421-B3CE-97412B4131C6}.Release|iPhoneSimulator.Build.0 = Release|iPhoneSimulator
		{1EB3C49F-39BE-4421-B3CE-97412B4131C6}.Release|iPhoneSimulator.Deploy.0 = Release|iPhoneSimulator
		{EE9426FA-A4F2-4824-897E-322809A9FCB1}.Debug|Any CPU.ActiveCfg = Debug|Any CPU
		{EE9426FA-A4F2-4824-897E-322809A9FCB1}.Debug|Any CPU.Build.0 = Debug|Any CPU
		{EE9426FA-A4F2-4824-897E-322809A9FCB1}.Debug|Any CPU.Deploy.0 = Debug|Any CPU
		{EE9426FA-A4F2-4824-897E-322809A9FCB1}.Debug|iPhone.ActiveCfg = Debug|Any CPU
		{EE9426FA-A4F2-4824-897E-322809A9FCB1}.Debug|iPhone.Build.0 = Debug|Any CPU
		{EE9426FA-A4F2-4824-897E-322809A9FCB1}.Debug|iPhone.Deploy.0 = Debug|Any CPU
		{EE9426FA-A4F2-4824-897E-322809A9FCB1}.Debug|iPhoneSimulator.ActiveCfg = Debug|Any CPU
		{EE9426FA-A4F2-4824-897E-322809A9FCB1}.Debug|iPhoneSimulator.Build.0 = Debug|Any CPU
		{EE9426FA-A4F2-4824-897E-322809A9FCB1}.Debug|iPhoneSimulator.Deploy.0 = Debug|Any CPU
		{EE9426FA-A4F2-4824-897E-322809A9FCB1}.Release|Any CPU.ActiveCfg = Release|Any CPU
		{EE9426FA-A4F2-4824-897E-322809A9FCB1}.Release|Any CPU.Build.0 = Release|Any CPU
		{EE9426FA-A4F2-4824-897E-322809A9FCB1}.Release|Any CPU.Deploy.0 = Release|Any CPU
		{EE9426FA-A4F2-4824-897E-322809A9FCB1}.Release|iPhone.ActiveCfg = Release|Any CPU
		{EE9426FA-A4F2-4824-897E-322809A9FCB1}.Release|iPhone.Build.0 = Release|Any CPU
		{EE9426FA-A4F2-4824-897E-322809A9FCB1}.Release|iPhone.Deploy.0 = Release|Any CPU
		{EE9426FA-A4F2-4824-897E-322809A9FCB1}.Release|iPhoneSimulator.ActiveCfg = Release|Any CPU
		{EE9426FA-A4F2-4824-897E-322809A9FCB1}.Release|iPhoneSimulator.Build.0 = Release|Any CPU
		{EE9426FA-A4F2-4824-897E-322809A9FCB1}.Release|iPhoneSimulator.Deploy.0 = Release|Any CPU
	EndGlobalSection
	GlobalSection(SolutionProperties) = preSolution
		HideSolutionNode = FALSE
	EndGlobalSection
	GlobalSection(ExtensibilityGlobals) = postSolution
		SolutionGuid = {FD672F3F-B675-4251-BCD3-B43F185F8A36}
	EndGlobalSection
EndGlobal
